
Microsoft Visual Studio Solution File, Format Version 12.00
# Visual Studio Version 17
VisualStudioVersion = 17.8.34330.188
MinimumVisualStudioVersion = 10.0.40219.1
Project("{FAE04EC0-301F-11D3-BF4B-00C04F79EFBC}") = "Aplicacion Ado-Net", "Aplicacion Ado-Net\Aplicacion Ado-Net.csproj", "{D1139049-FAC0-4B04-9331-73F3F3FB066B}"
EndProject
Global
	GlobalSection(SolutionConfigurationPlatforms) = preSolution
		Debug|Any CPU = Debug|Any CPU
		Release|Any CPU = Release|Any CPU
	EndGlobalSection
	GlobalSection(ProjectConfigurationPlatforms) = postSolution
		{D1139049-FAC0-4B04-9331-73F3F3FB066B}.Debug|Any CPU.ActiveCfg = Debug|Any CPU
		{D1139049-FAC0-4B04-9331-73F3F3FB066B}.Debug|Any CPU.Build.0 = Debug|Any CPU
		{D1139049-FAC0-4B04-9331-73F3F3FB066B}.Release|Any CPU.ActiveCfg = Release|Any CPU
		{D1139049-FAC0-4B04-9331-73F3F3FB066B}.Release|Any CPU.Build.0 = Release|Any CPU
	EndGlobalSection
	GlobalSection(SolutionProperties) = preSolution
		HideSolutionNode = FALSE
	EndGlobalSection
	GlobalSection(ExtensibilityGlobals) = postSolution
		SolutionGuid = {3FF813CE-ADE0-4409-B6C5-BC8C12DEF883}
	EndGlobalSection
EndGlobal
